// !$*UTF8*$!
{
	archiveVersion = 1;
	classes = {
	};
	objectVersion = 50;
	objects = {

/* Begin PBXBuildFile section */
		E817E54A245A5770008E5864 /* AppDelegate.swift in Sources */ = {isa = PBXBuildFile; fileRef = E817E549245A5770008E5864 /* AppDelegate.swift */; };
		E817E553245A5774008E5864 /* Assets.xcassets in Resources */ = {isa = PBXBuildFile; fileRef = E817E552245A5774008E5864 /* Assets.xcassets */; };
		E817E556245A5774008E5864 /* LaunchScreen.storyboard in Resources */ = {isa = PBXBuildFile; fileRef = E817E554245A5774008E5864 /* LaunchScreen.storyboard */; };
		E817E561245A5774008E5864 /* DateCalculationTests.swift in Sources */ = {isa = PBXBuildFile; fileRef = E817E560245A5774008E5864 /* DateCalculationTests.swift */; };
		E817E56C245A5775008E5864 /* DateCalculationUITests.swift in Sources */ = {isa = PBXBuildFile; fileRef = E817E56B245A5775008E5864 /* DateCalculationUITests.swift */; };
		E817E57E245B0CD1008E5864 /* nsw.json in Resources */ = {isa = PBXBuildFile; fileRef = E817E57D245B0CD1008E5864 /* nsw.json */; };
		E817E585245F95C7008E5864 /* DayData.swift in Sources */ = {isa = PBXBuildFile; fileRef = E817E581245F95C6008E5864 /* DayData.swift */; };
		E817E588245F99CE008E5864 /* DateCalculationViewController.swift in Sources */ = {isa = PBXBuildFile; fileRef = E817E587245F99CE008E5864 /* DateCalculationViewController.swift */; };
		E817E58D245F99E2008E5864 /* BaseView.swift in Sources */ = {isa = PBXBuildFile; fileRef = E817E589245F99E2008E5864 /* BaseView.swift */; };
		E817E58E245F99E2008E5864 /* BaseViewModel.swift in Sources */ = {isa = PBXBuildFile; fileRef = E817E58A245F99E2008E5864 /* BaseViewModel.swift */; };
		E817E58F245F99E2008E5864 /* BaseTableViewCell.swift in Sources */ = {isa = PBXBuildFile; fileRef = E817E58B245F99E2008E5864 /* BaseTableViewCell.swift */; };
		E817E590245F99E2008E5864 /* BaseViewController.swift in Sources */ = {isa = PBXBuildFile; fileRef = E817E58C245F99E2008E5864 /* BaseViewController.swift */; };
		E817E592245F9A15008E5864 /* Reuseable.swift in Sources */ = {isa = PBXBuildFile; fileRef = E817E591245F9A15008E5864 /* Reuseable.swift */; };
		E817E595245FA501008E5864 /* LoadingView.swift in Sources */ = {isa = PBXBuildFile; fileRef = E817E594245FA501008E5864 /* LoadingView.swift */; };
		E817E597245FA616008E5864 /* Date+Extension.swift in Sources */ = {isa = PBXBuildFile; fileRef = E817E596245FA616008E5864 /* Date+Extension.swift */; };
		E817E599245FAFEA008E5864 /* View+Extension.swift in Sources */ = {isa = PBXBuildFile; fileRef = E817E598245FAFEA008E5864 /* View+Extension.swift */; };
		E817E59B245FD872008E5864 /* DatePickerView.swift in Sources */ = {isa = PBXBuildFile; fileRef = E817E59A245FD872008E5864 /* DatePickerView.swift */; };
		E817E59D24613C3B008E5864 /* DateCalculationViewModel.swift in Sources */ = {isa = PBXBuildFile; fileRef = E817E59C24613C3B008E5864 /* DateCalculationViewModel.swift */; };
		E817E59F2461A597008E5864 /* HolidayTableViewCell.swift in Sources */ = {isa = PBXBuildFile; fileRef = E817E59E2461A597008E5864 /* HolidayTableViewCell.swift */; };
		E817E5A22461BB36008E5864 /* QueueManager.swift in Sources */ = {isa = PBXBuildFile; fileRef = E817E5A02461BB36008E5864 /* QueueManager.swift */; };
		E817E5A32461BB36008E5864 /* BaseOperation.swift in Sources */ = {isa = PBXBuildFile; fileRef = E817E5A12461BB36008E5864 /* BaseOperation.swift */; };
		E817E5A52461BB81008E5864 /* DateCalculationOperation.swift in Sources */ = {isa = PBXBuildFile; fileRef = E817E5A42461BB81008E5864 /* DateCalculationOperation.swift */; };
		E817E5A724624107008E5864 /* QueueManagerTests.swift in Sources */ = {isa = PBXBuildFile; fileRef = E817E5A624624107008E5864 /* QueueManagerTests.swift */; };
		E817E5A9246245C8008E5864 /* DateCalculationOperationTests.swift in Sources */ = {isa = PBXBuildFile; fileRef = E817E5A8246245C8008E5864 /* DateCalculationOperationTests.swift */; };
/* End PBXBuildFile section */

/* Begin PBXContainerItemProxy section */
		E817E55D245A5774008E5864 /* PBXContainerItemProxy */ = {
			isa = PBXContainerItemProxy;
			containerPortal = E817E53E245A5770008E5864 /* Project object */;
			proxyType = 1;
			remoteGlobalIDString = E817E545245A5770008E5864;
			remoteInfo = DateCalculation;
		};
		E817E568245A5775008E5864 /* PBXContainerItemProxy */ = {
			isa = PBXContainerItemProxy;
			containerPortal = E817E53E245A5770008E5864 /* Project object */;
			proxyType = 1;
			remoteGlobalIDString = E817E545245A5770008E5864;
			remoteInfo = DateCalculation;
		};
/* End PBXContainerItemProxy section */

/* Begin PBXFileReference section */
		E817E546245A5770008E5864 /* DateCalculation.app */ = {isa = PBXFileReference; explicitFileType = wrapper.application; includeInIndex = 0; path = DateCalculation.app; sourceTree = BUILT_PRODUCTS_DIR; };
		E817E549245A5770008E5864 /* AppDelegate.swift */ = {isa = PBXFileReference; lastKnownFileType = sourcecode.swift; path = AppDelegate.swift; sourceTree = "<group>"; };
		E817E552245A5774008E5864 /* Assets.xcassets */ = {isa = PBXFileReference; lastKnownFileType = folder.assetcatalog; path = Assets.xcassets; sourceTree = "<group>"; };
		E817E555245A5774008E5864 /* Base */ = {isa = PBXFileReference; lastKnownFileType = file.storyboard; name = Base; path = Base.lproj/LaunchScreen.storyboard; sourceTree = "<group>"; };
		E817E557245A5774008E5864 /* Info.plist */ = {isa = PBXFileReference; lastKnownFileType = text.plist.xml; path = Info.plist; sourceTree = "<group>"; };
		E817E55C245A5774008E5864 /* DateCalculationTests.xctest */ = {isa = PBXFileReference; explicitFileType = wrapper.cfbundle; includeInIndex = 0; path = DateCalculationTests.xctest; sourceTree = BUILT_PRODUCTS_DIR; };
		E817E560245A5774008E5864 /* DateCalculationTests.swift */ = {isa = PBXFileReference; lastKnownFileType = sourcecode.swift; path = DateCalculationTests.swift; sourceTree = "<group>"; };
		E817E562245A5774008E5864 /* Info.plist */ = {isa = PBXFileReference; lastKnownFileType = text.plist.xml; path = Info.plist; sourceTree = "<group>"; };
		E817E567245A5775008E5864 /* DateCalculationUITests.xctest */ = {isa = PBXFileReference; explicitFileType = wrapper.cfbundle; includeInIndex = 0; path = DateCalculationUITests.xctest; sourceTree = BUILT_PRODUCTS_DIR; };
		E817E56B245A5775008E5864 /* DateCalculationUITests.swift */ = {isa = PBXFileReference; lastKnownFileType = sourcecode.swift; path = DateCalculationUITests.swift; sourceTree = "<group>"; };
		E817E56D245A5775008E5864 /* Info.plist */ = {isa = PBXFileReference; lastKnownFileType = text.plist.xml; path = Info.plist; sourceTree = "<group>"; };
		E817E57D245B0CD1008E5864 /* nsw.json */ = {isa = PBXFileReference; fileEncoding = 4; lastKnownFileType = text.json; path = nsw.json; sourceTree = "<group>"; };
		E817E581245F95C6008E5864 /* DayData.swift */ = {isa = PBXFileReference; fileEncoding = 4; lastKnownFileType = sourcecode.swift; path = DayData.swift; sourceTree = "<group>"; };
		E817E587245F99CE008E5864 /* DateCalculationViewController.swift */ = {isa = PBXFileReference; lastKnownFileType = sourcecode.swift; path = DateCalculationViewController.swift; sourceTree = "<group>"; };
		E817E589245F99E2008E5864 /* BaseView.swift */ = {isa = PBXFileReference; fileEncoding = 4; lastKnownFileType = sourcecode.swift; path = BaseView.swift; sourceTree = "<group>"; };
		E817E58A245F99E2008E5864 /* BaseViewModel.swift */ = {isa = PBXFileReference; fileEncoding = 4; lastKnownFileType = sourcecode.swift; path = BaseViewModel.swift; sourceTree = "<group>"; };
		E817E58B245F99E2008E5864 /* BaseTableViewCell.swift */ = {isa = PBXFileReference; fileEncoding = 4; lastKnownFileType = sourcecode.swift; path = BaseTableViewCell.swift; sourceTree = "<group>"; };
		E817E58C245F99E2008E5864 /* BaseViewController.swift */ = {isa = PBXFileReference; fileEncoding = 4; lastKnownFileType = sourcecode.swift; path = BaseViewController.swift; sourceTree = "<group>"; };
		E817E591245F9A15008E5864 /* Reuseable.swift */ = {isa = PBXFileReference; fileEncoding = 4; lastKnownFileType = sourcecode.swift; path = Reuseable.swift; sourceTree = "<group>"; };
		E817E594245FA501008E5864 /* LoadingView.swift */ = {isa = PBXFileReference; fileEncoding = 4; lastKnownFileType = sourcecode.swift; path = LoadingView.swift; sourceTree = "<group>"; };
		E817E596245FA616008E5864 /* Date+Extension.swift */ = {isa = PBXFileReference; lastKnownFileType = sourcecode.swift; path = "Date+Extension.swift"; sourceTree = "<group>"; };
		E817E598245FAFEA008E5864 /* View+Extension.swift */ = {isa = PBXFileReference; lastKnownFileType = sourcecode.swift; path = "View+Extension.swift"; sourceTree = "<group>"; };
		E817E59A245FD872008E5864 /* DatePickerView.swift */ = {isa = PBXFileReference; lastKnownFileType = sourcecode.swift; path = DatePickerView.swift; sourceTree = "<group>"; };
		E817E59C24613C3B008E5864 /* DateCalculationViewModel.swift */ = {isa = PBXFileReference; lastKnownFileType = sourcecode.swift; path = DateCalculationViewModel.swift; sourceTree = "<group>"; };
		E817E59E2461A597008E5864 /* HolidayTableViewCell.swift */ = {isa = PBXFileReference; lastKnownFileType = sourcecode.swift; path = HolidayTableViewCell.swift; sourceTree = "<group>"; };
		E817E5A02461BB36008E5864 /* QueueManager.swift */ = {isa = PBXFileReference; fileEncoding = 4; lastKnownFileType = sourcecode.swift; path = QueueManager.swift; sourceTree = "<group>"; };
		E817E5A12461BB36008E5864 /* BaseOperation.swift */ = {isa = PBXFileReference; fileEncoding = 4; lastKnownFileType = sourcecode.swift; path = BaseOperation.swift; sourceTree = "<group>"; };
		E817E5A42461BB81008E5864 /* DateCalculationOperation.swift */ = {isa = PBXFileReference; lastKnownFileType = sourcecode.swift; path = DateCalculationOperation.swift; sourceTree = "<group>"; };
		E817E5A624624107008E5864 /* QueueManagerTests.swift */ = {isa = PBXFileReference; fileEncoding = 4; lastKnownFileType = sourcecode.swift; path = QueueManagerTests.swift; sourceTree = "<group>"; };
		E817E5A8246245C8008E5864 /* DateCalculationOperationTests.swift */ = {isa = PBXFileReference; lastKnownFileType = sourcecode.swift; path = DateCalculationOperationTests.swift; sourceTree = "<group>"; };
/* End PBXFileReference section */

/* Begin PBXFrameworksBuildPhase section */
		E817E543245A5770008E5864 /* Frameworks */ = {
			isa = PBXFrameworksBuildPhase;
			buildActionMask = 2147483647;
			files = (
			);
			runOnlyForDeploymentPostprocessing = 0;
		};
		E817E559245A5774008E5864 /* Frameworks */ = {
			isa = PBXFrameworksBuildPhase;
			buildActionMask = 2147483647;
			files = (
			);
			runOnlyForDeploymentPostprocessing = 0;
		};
		E817E564245A5775008E5864 /* Frameworks */ = {
			isa = PBXFrameworksBuildPhase;
			buildActionMask = 2147483647;
			files = (
			);
			runOnlyForDeploymentPostprocessing = 0;
		};
/* End PBXFrameworksBuildPhase section */

/* Begin PBXGroup section */
		E817E53D245A5770008E5864 = {
			isa = PBXGroup;
			children = (
				E817E548245A5770008E5864 /* DateCalculation */,
				E817E55F245A5774008E5864 /* DateCalculationTests */,
				E817E56A245A5775008E5864 /* DateCalculationUITests */,
				E817E547245A5770008E5864 /* Products */,
			);
			sourceTree = "<group>";
		};
		E817E547245A5770008E5864 /* Products */ = {
			isa = PBXGroup;
			children = (
				E817E546245A5770008E5864 /* DateCalculation.app */,
				E817E55C245A5774008E5864 /* DateCalculationTests.xctest */,
				E817E567245A5775008E5864 /* DateCalculationUITests.xctest */,
			);
			name = Products;
			sourceTree = "<group>";
		};
		E817E548245A5770008E5864 /* DateCalculation */ = {
			isa = PBXGroup;
			children = (
				E817E549245A5770008E5864 /* AppDelegate.swift */,
				E817E584245F95C7008E5864 /* Base */,
				E817E580245F95C6008E5864 /* Data */,
				E817E57F245F95C6008E5864 /* Extension */,
				E817E582245F95C7008E5864 /* View */,
				E817E552245A5774008E5864 /* Assets.xcassets */,
				E817E554245A5774008E5864 /* LaunchScreen.storyboard */,
				E817E557245A5774008E5864 /* Info.plist */,
				E817E57D245B0CD1008E5864 /* nsw.json */,
			);
			path = DateCalculation;
			sourceTree = "<group>";
		};
		E817E55F245A5774008E5864 /* DateCalculationTests */ = {
			isa = PBXGroup;
			children = (
				E817E560245A5774008E5864 /* DateCalculationTests.swift */,
				E817E5A624624107008E5864 /* QueueManagerTests.swift */,
				E817E5A8246245C8008E5864 /* DateCalculationOperationTests.swift */,
				E817E562245A5774008E5864 /* Info.plist */,
			);
			path = DateCalculationTests;
			sourceTree = "<group>";
		};
		E817E56A245A5775008E5864 /* DateCalculationUITests */ = {
			isa = PBXGroup;
			children = (
				E817E56B245A5775008E5864 /* DateCalculationUITests.swift */,
				E817E56D245A5775008E5864 /* Info.plist */,
			);
			path = DateCalculationUITests;
			sourceTree = "<group>";
		};
		E817E57F245F95C6008E5864 /* Extension */ = {
			isa = PBXGroup;
			children = (
				E817E591245F9A15008E5864 /* Reuseable.swift */,
				E817E596245FA616008E5864 /* Date+Extension.swift */,
				E817E598245FAFEA008E5864 /* View+Extension.swift */,
			);
			path = Extension;
			sourceTree = "<group>";
		};
		E817E580245F95C6008E5864 /* Data */ = {
			isa = PBXGroup;
			children = (
				E817E5A12461BB36008E5864 /* BaseOperation.swift */,
				E817E5A02461BB36008E5864 /* QueueManager.swift */,
				E817E581245F95C6008E5864 /* DayData.swift */,
				E817E5A42461BB81008E5864 /* DateCalculationOperation.swift */,
			);
			path = Data;
			sourceTree = "<group>";
		};
		E817E582245F95C7008E5864 /* View */ = {
			isa = PBXGroup;
			children = (
				E817E587245F99CE008E5864 /* DateCalculationViewController.swift */,
				E817E59C24613C3B008E5864 /* DateCalculationViewModel.swift */,
				E817E593245FA4F9008E5864 /* Component */,
			);
			path = View;
			sourceTree = "<group>";
		};
		E817E584245F95C7008E5864 /* Base */ = {
			isa = PBXGroup;
			children = (
				E817E589245F99E2008E5864 /* BaseView.swift */,
				E817E58C245F99E2008E5864 /* BaseViewController.swift */,
				E817E58B245F99E2008E5864 /* BaseTableViewCell.swift */,
				E817E58A245F99E2008E5864 /* BaseViewModel.swift */,
			);
			path = Base;
			sourceTree = "<group>";
		};
		E817E593245FA4F9008E5864 /* Component */ = {
			isa = PBXGroup;
			children = (
				E817E594245FA501008E5864 /* LoadingView.swift */,
				E817E59A245FD872008E5864 /* DatePickerView.swift */,
				E817E59E2461A597008E5864 /* HolidayTableViewCell.swift */,
			);
			path = Component;
			sourceTree = "<group>";
		};
/* End PBXGroup section */

/* Begin PBXNativeTarget section */
		E817E545245A5770008E5864 /* DateCalculation */ = {
			isa = PBXNativeTarget;
			buildConfigurationList = E817E570245A5775008E5864 /* Build configuration list for PBXNativeTarget "DateCalculation" */;
			buildPhases = (
				E817E542245A5770008E5864 /* Sources */,
				E817E543245A5770008E5864 /* Frameworks */,
				E817E544245A5770008E5864 /* Resources */,
			);
			buildRules = (
			);
			dependencies = (
			);
			name = DateCalculation;
			productName = DateCalculation;
			productReference = E817E546245A5770008E5864 /* DateCalculation.app */;
			productType = "com.apple.product-type.application";
		};
		E817E55B245A5774008E5864 /* DateCalculationTests */ = {
			isa = PBXNativeTarget;
			buildConfigurationList = E817E573245A5775008E5864 /* Build configuration list for PBXNativeTarget "DateCalculationTests" */;
			buildPhases = (
				E817E558245A5774008E5864 /* Sources */,
				E817E559245A5774008E5864 /* Frameworks */,
				E817E55A245A5774008E5864 /* Resources */,
			);
			buildRules = (
			);
			dependencies = (
				E817E55E245A5774008E5864 /* PBXTargetDependency */,
			);
			name = DateCalculationTests;
			productName = DateCalculationTests;
			productReference = E817E55C245A5774008E5864 /* DateCalculationTests.xctest */;
			productType = "com.apple.product-type.bundle.unit-test";
		};
		E817E566245A5775008E5864 /* DateCalculationUITests */ = {
			isa = PBXNativeTarget;
			buildConfigurationList = E817E576245A5775008E5864 /* Build configuration list for PBXNativeTarget "DateCalculationUITests" */;
			buildPhases = (
				E817E563245A5775008E5864 /* Sources */,
				E817E564245A5775008E5864 /* Frameworks */,
				E817E565245A5775008E5864 /* Resources */,
			);
			buildRules = (
			);
			dependencies = (
				E817E569245A5775008E5864 /* PBXTargetDependency */,
			);
			name = DateCalculationUITests;
			productName = DateCalculationUITests;
			productReference = E817E567245A5775008E5864 /* DateCalculationUITests.xctest */;
			productType = "com.apple.product-type.bundle.ui-testing";
		};
/* End PBXNativeTarget section */

/* Begin PBXProject section */
		E817E53E245A5770008E5864 /* Project object */ = {
			isa = PBXProject;
			attributes = {
				LastSwiftUpdateCheck = 1140;
				LastUpgradeCheck = 1140;
				ORGANIZATIONNAME = "Hai Le Thanh";
				TargetAttributes = {
					E817E545245A5770008E5864 = {
						CreatedOnToolsVersion = 11.4.1;
					};
					E817E55B245A5774008E5864 = {
						CreatedOnToolsVersion = 11.4.1;
						TestTargetID = E817E545245A5770008E5864;
					};
					E817E566245A5775008E5864 = {
						CreatedOnToolsVersion = 11.4.1;
						TestTargetID = E817E545245A5770008E5864;
					};
				};
			};
			buildConfigurationList = E817E541245A5770008E5864 /* Build configuration list for PBXProject "DateCalculation" */;
			compatibilityVersion = "Xcode 9.3";
			developmentRegion = en;
			hasScannedForEncodings = 0;
			knownRegions = (
				en,
				Base,
			);
			mainGroup = E817E53D245A5770008E5864;
			productRefGroup = E817E547245A5770008E5864 /* Products */;
			projectDirPath = "";
			projectRoot = "";
			targets = (
				E817E545245A5770008E5864 /* DateCalculation */,
				E817E55B245A5774008E5864 /* DateCalculationTests */,
				E817E566245A5775008E5864 /* DateCalculationUITests */,
			);
		};
/* End PBXProject section */

/* Begin PBXResourcesBuildPhase section */
		E817E544245A5770008E5864 /* Resources */ = {
			isa = PBXResourcesBuildPhase;
			buildActionMask = 2147483647;
			files = (
				E817E556245A5774008E5864 /* LaunchScreen.storyboard in Resources */,
				E817E553245A5774008E5864 /* Assets.xcassets in Resources */,
				E817E57E245B0CD1008E5864 /* nsw.json in Resources */,
			);
			runOnlyForDeploymentPostprocessing = 0;
		};
		E817E55A245A5774008E5864 /* Resources */ = {
			isa = PBXResourcesBuildPhase;
			buildActionMask = 2147483647;
			files = (
			);
			runOnlyForDeploymentPostprocessing = 0;
		};
		E817E565245A5775008E5864 /* Resources */ = {
			isa = PBXResourcesBuildPhase;
			buildActionMask = 2147483647;
			files = (
			);
			runOnlyForDeploymentPostprocessing = 0;
		};
/* End PBXResourcesBuildPhase section */

/* Begin PBXSourcesBuildPhase section */
		E817E542245A5770008E5864 /* Sources */ = {
			isa = PBXSourcesBuildPhase;
			buildActionMask = 2147483647;
			files = (
				E817E5A22461BB36008E5864 /* QueueManager.swift in Sources */,
				E817E588245F99CE008E5864 /* DateCalculationViewController.swift in Sources */,
				E817E59D24613C3B008E5864 /* DateCalculationViewModel.swift in Sources */,
				E817E58E245F99E2008E5864 /* BaseViewModel.swift in Sources */,
				E817E5A52461BB81008E5864 /* DateCalculationOperation.swift in Sources */,
				E817E592245F9A15008E5864 /* Reuseable.swift in Sources */,
				E817E585245F95C7008E5864 /* DayData.swift in Sources */,
				E817E54A245A5770008E5864 /* AppDelegate.swift in Sources */,
				E817E597245FA616008E5864 /* Date+Extension.swift in Sources */,
				E817E59B245FD872008E5864 /* DatePickerView.swift in Sources */,
				E817E58F245F99E2008E5864 /* BaseTableViewCell.swift in Sources */,
				E817E5A32461BB36008E5864 /* BaseOperation.swift in Sources */,
				E817E599245FAFEA008E5864 /* View+Extension.swift in Sources */,
				E817E59F2461A597008E5864 /* HolidayTableViewCell.swift in Sources */,
				E817E590245F99E2008E5864 /* BaseViewController.swift in Sources */,
				E817E58D245F99E2008E5864 /* BaseView.swift in Sources */,
				E817E595245FA501008E5864 /* LoadingView.swift in Sources */,
			);
			runOnlyForDeploymentPostprocessing = 0;
		};
		E817E558245A5774008E5864 /* Sources */ = {
			isa = PBXSourcesBuildPhase;
			buildActionMask = 2147483647;
			files = (
				E817E561245A5774008E5864 /* DateCalculationTests.swift in Sources */,
				E817E5A724624107008E5864 /* QueueManagerTests.swift in Sources */,
				E817E5A9246245C8008E5864 /* DateCalculationOperationTests.swift in Sources */,
			);
			runOnlyForDeploymentPostprocessing = 0;
		};
		E817E563245A5775008E5864 /* Sources */ = {
			isa = PBXSourcesBuildPhase;
			buildActionMask = 2147483647;
			files = (
				E817E56C245A5775008E5864 /* DateCalculationUITests.swift in Sources */,
			);
			runOnlyForDeploymentPostprocessing = 0;
		};
/* End PBXSourcesBuildPhase section */

/* Begin PBXTargetDependency section */
		E817E55E245A5774008E5864 /* PBXTargetDependency */ = {
			isa = PBXTargetDependency;
			target = E817E545245A5770008E5864 /* DateCalculation */;
			targetProxy = E817E55D245A5774008E5864 /* PBXContainerItemProxy */;
		};
		E817E569245A5775008E5864 /* PBXTargetDependency */ = {
			isa = PBXTargetDependency;
			target = E817E545245A5770008E5864 /* DateCalculation */;
			targetProxy = E817E568245A5775008E5864 /* PBXContainerItemProxy */;
		};
/* End PBXTargetDependency section */

/* Begin PBXVariantGroup section */
		E817E554245A5774008E5864 /* LaunchScreen.storyboard */ = {
			isa = PBXVariantGroup;
			children = (
				E817E555245A5774008E5864 /* Base */,
			);
			name = LaunchScreen.storyboard;
			sourceTree = "<group>";
		};
/* End PBXVariantGroup section */

/* Begin XCBuildConfiguration section */
		E817E56E245A5775008E5864 /* Debug */ = {
			isa = XCBuildConfiguration;
			buildSettings = {
				ALWAYS_SEARCH_USER_PATHS = NO;
				CLANG_ANALYZER_NONNULL = YES;
				CLANG_ANALYZER_NUMBER_OBJECT_CONVERSION = YES_AGGRESSIVE;
				CLANG_CXX_LANGUAGE_STANDARD = "gnu++14";
				CLANG_CXX_LIBRARY = "libc++";
				CLANG_ENABLE_MODULES = YES;
				CLANG_ENABLE_OBJC_ARC = YES;
				CLANG_ENABLE_OBJC_WEAK = YES;
				CLANG_WARN_BLOCK_CAPTURE_AUTORELEASING = YES;
				CLANG_WARN_BOOL_CONVERSION = YES;
				CLANG_WARN_COMMA = YES;
				CLANG_WARN_CONSTANT_CONVERSION = YES;
				CLANG_WARN_DEPRECATED_OBJC_IMPLEMENTATIONS = YES;
				CLANG_WARN_DIRECT_OBJC_ISA_USAGE = YES_ERROR;
				CLANG_WARN_DOCUMENTATION_COMMENTS = YES;
				CLANG_WARN_EMPTY_BODY = YES;
				CLANG_WARN_ENUM_CONVERSION = YES;
				CLANG_WARN_INFINITE_RECURSION = YES;
				CLANG_WARN_INT_CONVERSION = YES;
				CLANG_WARN_NON_LITERAL_NULL_CONVERSION = YES;
				CLANG_WARN_OBJC_IMPLICIT_RETAIN_SELF = YES;
				CLANG_WARN_OBJC_LITERAL_CONVERSION = YES;
				CLANG_WARN_OBJC_ROOT_CLASS = YES_ERROR;
				CLANG_WARN_RANGE_LOOP_ANALYSIS = YES;
				CLANG_WARN_STRICT_PROTOTYPES = YES;
				CLANG_WARN_SUSPICIOUS_MOVE = YES;
				CLANG_WARN_UNGUARDED_AVAILABILITY = YES_AGGRESSIVE;
				CLANG_WARN_UNREACHABLE_CODE = YES;
				CLANG_WARN__DUPLICATE_METHOD_MATCH = YES;
				COPY_PHASE_STRIP = NO;
				DEBUG_INFORMATION_FORMAT = dwarf;
				ENABLE_STRICT_OBJC_MSGSEND = YES;
				ENABLE_TESTABILITY = YES;
				GCC_C_LANGUAGE_STANDARD = gnu11;
				GCC_DYNAMIC_NO_PIC = NO;
				GCC_NO_COMMON_BLOCKS = YES;
				GCC_OPTIMIZATION_LEVEL = 0;
				GCC_PREPROCESSOR_DEFINITIONS = (
					"DEBUG=1",
					"$(inherited)",
				);
				GCC_WARN_64_TO_32_BIT_CONVERSION = YES;
				GCC_WARN_ABOUT_RETURN_TYPE = YES_ERROR;
				GCC_WARN_UNDECLARED_SELECTOR = YES;
				GCC_WARN_UNINITIALIZED_AUTOS = YES_AGGRESSIVE;
				GCC_WARN_UNUSED_FUNCTION = YES;
				GCC_WARN_UNUSED_VARIABLE = YES;
				IPHONEOS_DEPLOYMENT_TARGET = 13.4;
				MTL_ENABLE_DEBUG_INFO = INCLUDE_SOURCE;
				MTL_FAST_MATH = YES;
				ONLY_ACTIVE_ARCH = YES;
				SDKROOT = iphoneos;
				SWIFT_ACTIVE_COMPILATION_CONDITIONS = DEBUG;
				SWIFT_OPTIMIZATION_LEVEL = "-Onone";
			};
			name = Debug;
		};
		E817E56F245A5775008E5864 /* Release */ = {
			isa = XCBuildConfiguration;
			buildSettings = {
				ALWAYS_SEARCH_USER_PATHS = NO;
				CLANG_ANALYZER_NONNULL = YES;
				CLANG_ANALYZER_NUMBER_OBJECT_CONVERSION = YES_AGGRESSIVE;
				CLANG_CXX_LANGUAGE_STANDARD = "gnu++14";
				CLANG_CXX_LIBRARY = "libc++";
				CLANG_ENABLE_MODULES = YES;
				CLANG_ENABLE_OBJC_ARC = YES;
				CLANG_ENABLE_OBJC_WEAK = YES;
				CLANG_WARN_BLOCK_CAPTURE_AUTORELEASING = YES;
				CLANG_WARN_BOOL_CONVERSION = YES;
				CLANG_WARN_COMMA = YES;
				CLANG_WARN_CONSTANT_CONVERSION = YES;
				CLANG_WARN_DEPRECATED_OBJC_IMPLEMENTATIONS = YES;
				CLANG_WARN_DIRECT_OBJC_ISA_USAGE = YES_ERROR;
				CLANG_WARN_DOCUMENTATION_COMMENTS = YES;
				CLANG_WARN_EMPTY_BODY = YES;
				CLANG_WARN_ENUM_CONVERSION = YES;
				CLANG_WARN_INFINITE_RECURSION = YES;
				CLANG_WARN_INT_CONVERSION = YES;
				CLANG_WARN_NON_LITERAL_NULL_CONVERSION = YES;
				CLANG_WARN_OBJC_IMPLICIT_RETAIN_SELF = YES;
				CLANG_WARN_OBJC_LITERAL_CONVERSION = YES;
				CLANG_WARN_OBJC_ROOT_CLASS = YES_ERROR;
				CLANG_WARN_RANGE_LOOP_ANALYSIS = YES;
				CLANG_WARN_STRICT_PROTOTYPES = YES;
				CLANG_WARN_SUSPICIOUS_MOVE = YES;
				CLANG_WARN_UNGUARDED_AVAILABILITY = YES_AGGRESSIVE;
				CLANG_WARN_UNREACHABLE_CODE = YES;
				CLANG_WARN__DUPLICATE_METHOD_MATCH = YES;
				COPY_PHASE_STRIP = NO;
				DEBUG_INFORMATION_FORMAT = "dwarf-with-dsym";
				ENABLE_NS_ASSERTIONS = NO;
				ENABLE_STRICT_OBJC_MSGSEND = YES;
				GCC_C_LANGUAGE_STANDARD = gnu11;
				GCC_NO_COMMON_BLOCKS = YES;
				GCC_WARN_64_TO_32_BIT_CONVERSION = YES;
				GCC_WARN_ABOUT_RETURN_TYPE = YES_ERROR;
				GCC_WARN_UNDECLARED_SELECTOR = YES;
				GCC_WARN_UNINITIALIZED_AUTOS = YES_AGGRESSIVE;
				GCC_WARN_UNUSED_FUNCTION = YES;
				GCC_WARN_UNUSED_VARIABLE = YES;
				IPHONEOS_DEPLOYMENT_TARGET = 13.4;
				MTL_ENABLE_DEBUG_INFO = NO;
				MTL_FAST_MATH = YES;
				SDKROOT = iphoneos;
				SWIFT_COMPILATION_MODE = wholemodule;
				SWIFT_OPTIMIZATION_LEVEL = "-O";
				VALIDATE_PRODUCT = YES;
			};
			name = Release;
		};
		E817E571245A5775008E5864 /* Debug */ = {
			isa = XCBuildConfiguration;
			buildSettings = {
				ASSETCATALOG_COMPILER_APPICON_NAME = AppIcon;
				CODE_SIGN_STYLE = Automatic;
				INFOPLIST_FILE = DateCalculation/Info.plist;
				IPHONEOS_DEPLOYMENT_TARGET = 11.0;
				LD_RUNPATH_SEARCH_PATHS = (
					"$(inherited)",
					"@executable_path/Frameworks",
				);
				PRODUCT_BUNDLE_IDENTIFIER = com.haile.DateCalculation;
				PRODUCT_NAME = "$(TARGET_NAME)";
				SWIFT_VERSION = 5.0;
				TARGETED_DEVICE_FAMILY = "1,2";
			};
			name = Debug;
		};
		E817E572245A5775008E5864 /* Release */ = {
			isa = XCBuildConfiguration;
			buildSettings = {
				ASSETCATALOG_COMPILER_APPICON_NAME = AppIcon;
				CODE_SIGN_STYLE = Automatic;
				INFOPLIST_FILE = DateCalculation/Info.plist;
				IPHONEOS_DEPLOYMENT_TARGET = 11.0;
				LD_RUNPATH_SEARCH_PATHS = (
					"$(inherited)",
					"@executable_path/Frameworks",
				);
				PRODUCT_BUNDLE_IDENTIFIER = com.haile.DateCalculation;
				PRODUCT_NAME = "$(TARGET_NAME)";
				SWIFT_VERSION = 5.0;
				TARGETED_DEVICE_FAMILY = "1,2";
			};
			name = Release;
		};
		E817E574245A5775008E5864 /* Debug */ = {
			isa = XCBuildConfiguration;
			buildSettings = {
				ALWAYS_EMBED_SWIFT_STANDARD_LIBRARIES = YES;
				BUNDLE_LOADER = "$(TEST_HOST)";
				CODE_SIGN_STYLE = Automatic;
				INFOPLIST_FILE = DateCalculationTests/Info.plist;
				IPHONEOS_DEPLOYMENT_TARGET = 13.4;
				LD_RUNPATH_SEARCH_PATHS = (
					"$(inherited)",
					"@executable_path/Frameworks",
					"@loader_path/Frameworks",
				);
				PRODUCT_BUNDLE_IDENTIFIER = com.haile.DateCalculationTests;
				PRODUCT_NAME = "$(TARGET_NAME)";
				SWIFT_VERSION = 5.0;
				TARGETED_DEVICE_FAMILY = "1,2";
				TEST_HOST = "$(BUILT_PRODUCTS_DIR)/DateCalculation.app/DateCalculation";
			};
			name = Debug;
		};
		E817E575245A5775008E5864 /* Release */ = {
			isa = XCBuildConfiguration;
			buildSettings = {
				ALWAYS_EMBED_SWIFT_STANDARD_LIBRARIES = YES;
				BUNDLE_LOADER = "$(TEST_HOST)";
				CODE_SIGN_STYLE = Automatic;
				INFOPLIST_FILE = DateCalculationTests/Info.plist;
				IPHONEOS_DEPLOYMENT_TARGET = 13.4;
				LD_RUNPATH_SEARCH_PATHS = (
					"$(inherited)",
					"@executable_path/Frameworks",
					"@loader_path/Frameworks",
				);
				PRODUCT_BUNDLE_IDENTIFIER = com.haile.DateCalculationTests;
				PRODUCT_NAME = "$(TARGET_NAME)";
				SWIFT_VERSION = 5.0;
				TARGETED_DEVICE_FAMILY = "1,2";
				TEST_HOST = "$(BUILT_PRODUCTS_DIR)/DateCalculation.app/DateCalculation";
			};
			name = Release;
		};
		E817E577245A5775008E5864 /* Debug */ = {
			isa = XCBuildConfiguration;
			buildSettings = {
				ALWAYS_EMBED_SWIFT_STANDARD_LIBRARIES = YES;
				CODE_SIGN_STYLE = Automatic;
				INFOPLIST_FILE = DateCalculationUITests/Info.plist;
				LD_RUNPATH_SEARCH_PATHS = (
					"$(inherited)",
					"@executable_path/Frameworks",
					"@loader_path/Frameworks",
				);
				PRODUCT_BUNDLE_IDENTIFIER = com.haile.DateCalculationUITests;
				PRODUCT_NAME = "$(TARGET_NAME)";
				SWIFT_VERSION = 5.0;
				TARGETED_DEVICE_FAMILY = "1,2";
				TEST_TARGET_NAME = DateCalculation;
			};
			name = Debug;
		};
		E817E578245A5775008E5864 /* Release */ = {
			isa = XCBuildConfiguration;
			buildSettings = {
				ALWAYS_EMBED_SWIFT_STANDARD_LIBRARIES = YES;
				CODE_SIGN_STYLE = Automatic;
				INFOPLIST_FILE = DateCalculationUITests/Info.plist;
				LD_RUNPATH_SEARCH_PATHS = (
					"$(inherited)",
					"@executable_path/Frameworks",
					"@loader_path/Frameworks",
				);
				PRODUCT_BUNDLE_IDENTIFIER = com.haile.DateCalculationUITests;
				PRODUCT_NAME = "$(TARGET_NAME)";
				SWIFT_VERSION = 5.0;
				TARGETED_DEVICE_FAMILY = "1,2";
				TEST_TARGET_NAME = DateCalculation;
			};
			name = Release;
		};
/* End XCBuildConfiguration section */

/* Begin XCConfigurationList section */
		E817E541245A5770008E5864 /* Build configuration list for PBXProject "DateCalculation" */ = {
			isa = XCConfigurationList;
			buildConfigurations = (
				E817E56E245A5775008E5864 /* Debug */,
				E817E56F245A5775008E5864 /* Release */,
			);
			defaultConfigurationIsVisible = 0;
			defaultConfigurationName = Release;
		};
		E817E570245A5775008E5864 /* Build configuration list for PBXNativeTarget "DateCalculation" */ = {
			isa = XCConfigurationList;
			buildConfigurations = (
				E817E571245A5775008E5864 /* Debug */,
				E817E572245A5775008E5864 /* Release */,
			);
			defaultConfigurationIsVisible = 0;
			defaultConfigurationName = Release;
		};
		E817E573245A5775008E5864 /* Build configuration list for PBXNativeTarget "DateCalculationTests" */ = {
			isa = XCConfigurationList;
			buildConfigurations = (
				E817E574245A5775008E5864 /* Debug */,
				E817E575245A5775008E5864 /* Release */,
			);
			defaultConfigurationIsVisible = 0;
			defaultConfigurationName = Release;
		};
		E817E576245A5775008E5864 /* Build configuration list for PBXNativeTarget "DateCalculationUITests" */ = {
			isa = XCConfigurationList;
			buildConfigurations = (
				E817E577245A5775008E5864 /* Debug */,
				E817E578245A5775008E5864 /* Release */,
			);
			defaultConfigurationIsVisible = 0;
			defaultConfigurationName = Release;
		};
/* End XCConfigurationList section */
	};
	rootObject = E817E53E245A5770008E5864 /* Project object */;
}
